Microsoft Visual Studio Solution File, Format Version 12.00
# Visual Studio Express 2012 for Windows Desktop
Project("{8BC9CEB8-8B4A-11D0-8D11-00A0C91BC942}") = "AUTO", "..\..\..\..\builds\auto_debug_2010\AUTO.vcxproj", "{E2E25431-8CEF-4666-B181-750EE88F8B8A}"
EndProject
Project("{FAE04EC0-301F-11D3-BF4B-00C04F79EFBC}") = "AutoFrontend", "FrankBergmannCode\AutoFrontend\AutoFrontend.csproj", "{68FB5031-08B2-4226-AFC5-5B9C2E038ADF}"
EndProject
Project("{FAE04EC0-301F-11D3-BF4B-00C04F79EFBC}") = "LibAutoCSharp", "FrankBergmannCode\LibAutoCSharp\LibAutoCSharp.csproj", "{0284300A-F07B-4FBA-8CFD-72629CC289A1}"
EndProject
Global
	GlobalSection(SolutionConfigurationPlatforms) = preSolution
		Debug|Any CPU = Debug|Any CPU
		Debug|Mixed Platforms = Debug|Mixed Platforms
		Debug|Win32 = Debug|Win32
		MinSizeRel|Any CPU = MinSizeRel|Any CPU
		MinSizeRel|Mixed Platforms = MinSizeRel|Mixed Platforms
		MinSizeRel|Win32 = MinSizeRel|Win32
		Release|Any CPU = Release|Any CPU
		Release|Mixed Platforms = Release|Mixed Platforms
		Release|Win32 = Release|Win32
		RelWithDebInfo|Any CPU = RelWithDebInfo|Any CPU
		RelWithDebInfo|Mixed Platforms = RelWithDebInfo|Mixed Platforms
		RelWithDebInfo|Win32 = RelWithDebInfo|Win32
	EndGlobalSection
	GlobalSection(ProjectConfigurationPlatforms) = postSolution
		{E2E25431-8CEF-4666-B181-750EE88F8B8A}.Debug|Any CPU.ActiveCfg = Debug|Win32
		{E2E25431-8CEF-4666-B181-750EE88F8B8A}.Debug|Mixed Platforms.ActiveCfg = Debug|Win32
		{E2E25431-8CEF-4666-B181-750EE88F8B8A}.Debug|Mixed Platforms.Build.0 = Debug|Win32
		{E2E25431-8CEF-4666-B181-750EE88F8B8A}.Debug|Win32.ActiveCfg = Debug|Win32
		{E2E25431-8CEF-4666-B181-750EE88F8B8A}.Debug|Win32.Build.0 = Debug|Win32
		{E2E25431-8CEF-4666-B181-750EE88F8B8A}.MinSizeRel|Any CPU.ActiveCfg = MinSizeRel|Win32
		{E2E25431-8CEF-4666-B181-750EE88F8B8A}.MinSizeRel|Mixed Platforms.ActiveCfg = MinSizeRel|Win32
		{E2E25431-8CEF-4666-B181-750EE88F8B8A}.MinSizeRel|Mixed Platforms.Build.0 = MinSizeRel|Win32
		{E2E25431-8CEF-4666-B181-750EE88F8B8A}.MinSizeRel|Win32.ActiveCfg = MinSizeRel|Win32
		{E2E25431-8CEF-4666-B181-750EE88F8B8A}.MinSizeRel|Win32.Build.0 = MinSizeRel|Win32
		{E2E25431-8CEF-4666-B181-750EE88F8B8A}.Release|Any CPU.ActiveCfg = Release|Win32
		{E2E25431-8CEF-4666-B181-750EE88F8B8A}.Release|Mixed Platforms.ActiveCfg = Release|Win32
		{E2E25431-8CEF-4666-B181-750EE88F8B8A}.Release|Mixed Platforms.Build.0 = Release|Win32
		{E2E25431-8CEF-4666-B181-750EE88F8B8A}.Release|Win32.ActiveCfg = Release|Win32
		{E2E25431-8CEF-4666-B181-750EE88F8B8A}.Release|Win32.Build.0 = Release|Win32
		{E2E25431-8CEF-4666-B181-750EE88F8B8A}.RelWithDebInfo|Any CPU.ActiveCfg = RelWithDebInfo|Win32
		{E2E25431-8CEF-4666-B181-750EE88F8B8A}.RelWithDebInfo|Mixed Platforms.ActiveCfg = RelWithDebInfo|Win32
		{E2E25431-8CEF-4666-B181-750EE88F8B8A}.RelWithDebInfo|Mixed Platforms.Build.0 = RelWithDebInfo|Win32
		{E2E25431-8CEF-4666-B181-750EE88F8B8A}.RelWithDebInfo|Win32.ActiveCfg = RelWithDebInfo|Win32
		{E2E25431-8CEF-4666-B181-750EE88F8B8A}.RelWithDebInfo|Win32.Build.0 = RelWithDebInfo|Win32
		{68FB5031-08B2-4226-AFC5-5B9C2E038ADF}.Debug|Any CPU.ActiveCfg = Debug|Any CPU
		{68FB5031-08B2-4226-AFC5-5B9C2E038ADF}.Debug|Any CPU.Build.0 = Debug|Any CPU
		{68FB5031-08B2-4226-AFC5-5B9C2E038ADF}.Debug|Mixed Platforms.ActiveCfg = Debug|Any CPU
		{68FB5031-08B2-4226-AFC5-5B9C2E038ADF}.Debug|Mixed Platforms.Build.0 = Debug|Any CPU
		{68FB5031-08B2-4226-AFC5-5B9C2E038ADF}.Debug|Win32.ActiveCfg = Debug|Any CPU
		{68FB5031-08B2-4226-AFC5-5B9C2E038ADF}.MinSizeRel|Any CPU.ActiveCfg = Release|Any CPU
		{68FB5031-08B2-4226-AFC5-5B9C2E038ADF}.MinSizeRel|Any CPU.Build.0 = Release|Any CPU
		{68FB5031-08B2-4226-AFC5-5B9C2E038ADF}.MinSizeRel|Mixed Platforms.ActiveCfg = Release|Any CPU
		{68FB5031-08B2-4226-AFC5-5B9C2E038ADF}.MinSizeRel|Mixed Platforms.Build.0 = Release|Any CPU
		{68FB5031-08B2-4226-AFC5-5B9C2E038ADF}.MinSizeRel|Win32.ActiveCfg = Release|Any CPU
		{68FB5031-08B2-4226-AFC5-5B9C2E038ADF}.Release|Any CPU.ActiveCfg = Release|Any CPU
		{68FB5031-08B2-4226-AFC5-5B9C2E038ADF}.Release|Any CPU.Build.0 = Release|Any CPU
		{68FB5031-08B2-4226-AFC5-5B9C2E038ADF}.Release|Mixed Platforms.ActiveCfg = Release|Any CPU
		{68FB5031-08B2-4226-AFC5-5B9C2E038ADF}.Release|Mixed Platforms.Build.0 = Release|Any CPU
		{68FB5031-08B2-4226-AFC5-5B9C2E038ADF}.Release|Win32.ActiveCfg = Release|Any CPU
		{68FB5031-08B2-4226-AFC5-5B9C2E038ADF}.RelWithDebInfo|Any CPU.ActiveCfg = Release|Any CPU
		{68FB5031-08B2-4226-AFC5-5B9C2E038ADF}.RelWithDebInfo|Any CPU.Build.0 = Release|Any CPU
		{68FB5031-08B2-4226-AFC5-5B9C2E038ADF}.RelWithDebInfo|Mixed Platforms.ActiveCfg = Release|Any CPU
		{68FB5031-08B2-4226-AFC5-5B9C2E038ADF}.RelWithDebInfo|Mixed Platforms.Build.0 = Release|Any CPU
		{68FB5031-08B2-4226-AFC5-5B9C2E038ADF}.RelWithDebInfo|Win32.ActiveCfg = Release|Any CPU
		{0284300A-F07B-4FBA-8CFD-72629CC289A1}.Debug|Any CPU.ActiveCfg = Debug|Any CPU
		{0284300A-F07B-4FBA-8CFD-72629CC289A1}.Debug|Any CPU.Build.0 = Debug|Any CPU
		{0284300A-F07B-4FBA-8CFD-72629CC289A1}.Debug|Mixed Platforms.ActiveCfg = Debug|Any CPU
		{0284300A-F07B-4FBA-8CFD-72629CC289A1}.Debug|Mixed Platforms.Build.0 = Debug|Any CPU
		{0284300A-F07B-4FBA-8CFD-72629CC289A1}.Debug|Win32.ActiveCfg = Debug|Any CPU
		{0284300A-F07B-4FBA-8CFD-72629CC289A1}.MinSizeRel|Any CPU.ActiveCfg = Release|Any CPU
		{0284300A-F07B-4FBA-8CFD-72629CC289A1}.MinSizeRel|Any CPU.Build.0 = Release|Any CPU
		{0284300A-F07B-4FBA-8CFD-72629CC289A1}.MinSizeRel|Mixed Platforms.ActiveCfg = Release|Any CPU
		{0284300A-F07B-4FBA-8CFD-72629CC289A1}.MinSizeRel|Mixed Platforms.Build.0 = Release|Any CPU
		{0284300A-F07B-4FBA-8CFD-72629CC289A1}.MinSizeRel|Win32.ActiveCfg = Release|Any CPU
		{0284300A-F07B-4FBA-8CFD-72629CC289A1}.Release|Any CPU.ActiveCfg = Release|Any CPU
		{0284300A-F07B-4FBA-8CFD-72629CC289A1}.Release|Any CPU.Build.0 = Release|Any CPU
		{0284300A-F07B-4FBA-8CFD-72629CC289A1}.Release|Mixed Platforms.ActiveCfg = Release|Any CPU
		{0284300A-F07B-4FBA-8CFD-72629CC289A1}.Release|Mixed Platforms.Build.0 = Release|Any CPU
		{0284300A-F07B-4FBA-8CFD-72629CC289A1}.Release|Win32.ActiveCfg = Release|Any CPU
		{0284300A-F07B-4FBA-8CFD-72629CC289A1}.RelWithDebInfo|Any CPU.ActiveCfg = Release|Any CPU
		{0284300A-F07B-4FBA-8CFD-72629CC289A1}.RelWithDebInfo|Any CPU.Build.0 = Release|Any CPU
		{0284300A-F07B-4FBA-8CFD-72629CC289A1}.RelWithDebInfo|Mixed Platforms.ActiveCfg = Release|Any CPU
		{0284300A-F07B-4FBA-8CFD-72629CC289A1}.RelWithDebInfo|Mixed Platforms.Build.0 = Release|Any CPU
		{0284300A-F07B-4FBA-8CFD-72629CC289A1}.RelWithDebInfo|Win32.ActiveCfg = Release|Any CPU
	EndGlobalSection
	GlobalSection(SolutionProperties) = preSolution
		HideSolutionNode = FALSE
	EndGlobalSection
EndGlobal
